
Microsoft Visual Studio Solution File, Format Version 12.00
# Visual Studio Version 16
VisualStudioVersion = 16.0.31424.327
MinimumVisualStudioVersion = 10.0.40219.1
Project("{FAE04EC0-301F-11D3-BF4B-00C04F79EFBC}") = "Primeiro", "Primeiro.csproj", "{4EA59CFA-03C6-4CB5-AC9F-32DB39FA9F14}"
EndProject
Global
	GlobalSection(SolutionConfigurationPlatforms) = preSolution
		Debug|Any CPU = Debug|Any CPU
		Release|Any CPU = Release|Any CPU
	EndGlobalSection
	GlobalSection(ProjectConfigurationPlatforms) = postSolution
		{4EA59CFA-03C6-4CB5-AC9F-32DB39FA9F14}.Debug|Any CPU.ActiveCfg = Debug|Any CPU
		{4EA59CFA-03C6-4CB5-AC9F-32DB39FA9F14}.Debug|Any CPU.Build.0 = Debug|Any CPU
		{4EA59CFA-03C6-4CB5-AC9F-32DB39FA9F14}.Release|Any CPU.ActiveCfg = Release|Any CPU
		{4EA59CFA-03C6-4CB5-AC9F-32DB39FA9F14}.Release|Any CPU.Build.0 = Release|Any CPU
	EndGlobalSection
	GlobalSection(SolutionProperties) = preSolution
		HideSolutionNode = FALSE
	EndGlobalSection
	GlobalSection(ExtensibilityGlobals) = postSolution
		SolutionGuid = {914028D2-845E-4595-A12D-169F9E8C3FDC}
	EndGlobalSection
EndGlobal
