
Microsoft Visual Studio Solution File, Format Version 12.00
# Visual Studio Version 17
VisualStudioVersion = 17.0.31919.166
MinimumVisualStudioVersion = 10.0.40219.1
Project("{FAE04EC0-301F-11D3-BF4B-00C04F79EFBC}") = "aula29", "aula29.csproj", "{A45B9AFA-6234-4813-9A50-977231139884}"
EndProject
Global
	GlobalSection(SolutionConfigurationPlatforms) = preSolution
		Debug|Any CPU = Debug|Any CPU
		Release|Any CPU = Release|Any CPU
	EndGlobalSection
	GlobalSection(ProjectConfigurationPlatforms) = postSolution
		{A45B9AFA-6234-4813-9A50-977231139884}.Debug|Any CPU.ActiveCfg = Debug|Any CPU
		{A45B9AFA-6234-4813-9A50-977231139884}.Debug|Any CPU.Build.0 = Debug|Any CPU
		{A45B9AFA-6234-4813-9A50-977231139884}.Release|Any CPU.ActiveCfg = Release|Any CPU
		{A45B9AFA-6234-4813-9A50-977231139884}.Release|Any CPU.Build.0 = Release|Any CPU
	EndGlobalSection
	GlobalSection(SolutionProperties) = preSolution
		HideSolutionNode = FALSE
	EndGlobalSection
	GlobalSection(ExtensibilityGlobals) = postSolution
		SolutionGuid = {33018C31-CDBD-4F08-8D2C-FEE6A3205145}
	EndGlobalSection
EndGlobal
