
Microsoft Visual Studio Solution File, Format Version 12.00
# Visual Studio Version 17
VisualStudioVersion = 17.0.31919.166
MinimumVisualStudioVersion = 10.0.40219.1
Project("{FAE04EC0-301F-11D3-BF4B-00C04F79EFBC}") = "76. Interfaces", "76. Interfaces.csproj", "{A05A8231-E28A-4965-9538-9BD1AB31655B}"
EndProject
Global
	GlobalSection(SolutionConfigurationPlatforms) = preSolution
		Debug|Any CPU = Debug|Any CPU
		Release|Any CPU = Release|Any CPU
	EndGlobalSection
	GlobalSection(ProjectConfigurationPlatforms) = postSolution
		{A05A8231-E28A-4965-9538-9BD1AB31655B}.Debug|Any CPU.ActiveCfg = Debug|Any CPU
		{A05A8231-E28A-4965-9538-9BD1AB31655B}.Debug|Any CPU.Build.0 = Debug|Any CPU
		{A05A8231-E28A-4965-9538-9BD1AB31655B}.Release|Any CPU.ActiveCfg = Release|Any CPU
		{A05A8231-E28A-4965-9538-9BD1AB31655B}.Release|Any CPU.Build.0 = Release|Any CPU
	EndGlobalSection
	GlobalSection(SolutionProperties) = preSolution
		HideSolutionNode = FALSE
	EndGlobalSection
	GlobalSection(ExtensibilityGlobals) = postSolution
		SolutionGuid = {A2FFC767-0EF4-4075-ABA8-BC634A27899F}
	EndGlobalSection
EndGlobal
