
Microsoft Visual Studio Solution File, Format Version 12.00
# Visual Studio Version 16
VisualStudioVersion = 16.0.31515.178
MinimumVisualStudioVersion = 10.0.40219.1
Project("{FAE04EC0-301F-11D3-BF4B-00C04F79EFBC}") = "MultiplyMatrices", "MultiplyMatrices\MultiplyMatrices.csproj", "{E643E942-9ED8-4889-8369-9B201A828AD1}"
EndProject
Global
	GlobalSection(SolutionConfigurationPlatforms) = preSolution
		Debug|Any CPU = Debug|Any CPU
		Release|Any CPU = Release|Any CPU
	EndGlobalSection
	GlobalSection(ProjectConfigurationPlatforms) = postSolution
		{E643E942-9ED8-4889-8369-9B201A828AD1}.Debug|Any CPU.ActiveCfg = Debug|Any CPU
		{E643E942-9ED8-4889-8369-9B201A828AD1}.Debug|Any CPU.Build.0 = Debug|Any CPU
		{E643E942-9ED8-4889-8369-9B201A828AD1}.Release|Any CPU.ActiveCfg = Release|Any CPU
		{E643E942-9ED8-4889-8369-9B201A828AD1}.Release|Any CPU.Build.0 = Release|Any CPU
	EndGlobalSection
	GlobalSection(SolutionProperties) = preSolution
		HideSolutionNode = FALSE
	EndGlobalSection
	GlobalSection(ExtensibilityGlobals) = postSolution
		SolutionGuid = {41E03170-B595-4121-8AE1-ECF7482301C0}
	EndGlobalSection
EndGlobal
