
Microsoft Visual Studio Solution File, Format Version 12.00
# Visual Studio Version 16
VisualStudioVersion = 16.0.31515.178
MinimumVisualStudioVersion = 10.0.40219.1
Project("{FAE04EC0-301F-11D3-BF4B-00C04F79EFBC}") = "Condicionais", "Condicionais\Condicionais.csproj", "{784B5054-57F1-4863-9E25-F11F61C2F43D}"
EndProject
Global
	GlobalSection(SolutionConfigurationPlatforms) = preSolution
		Debug|Any CPU = Debug|Any CPU
		Release|Any CPU = Release|Any CPU
	EndGlobalSection
	GlobalSection(ProjectConfigurationPlatforms) = postSolution
		{784B5054-57F1-4863-9E25-F11F61C2F43D}.Debug|Any CPU.ActiveCfg = Debug|Any CPU
		{784B5054-57F1-4863-9E25-F11F61C2F43D}.Debug|Any CPU.Build.0 = Debug|Any CPU
		{784B5054-57F1-4863-9E25-F11F61C2F43D}.Release|Any CPU.ActiveCfg = Release|Any CPU
		{784B5054-57F1-4863-9E25-F11F61C2F43D}.Release|Any CPU.Build.0 = Release|Any CPU
	EndGlobalSection
	GlobalSection(SolutionProperties) = preSolution
		HideSolutionNode = FALSE
	EndGlobalSection
	GlobalSection(ExtensibilityGlobals) = postSolution
		SolutionGuid = {59543A5E-6F6B-4A79-83D8-3FBE128F5334}
	EndGlobalSection
EndGlobal
